
Microsoft Visual Studio Solution File, Format Version 12.00
# Visual Studio Version 17
VisualStudioVersion = 17.7.34202.233
MinimumVisualStudioVersion = 10.0.40219.1
Project("{FAE04EC0-301F-11D3-BF4B-00C04F79EFBC}") = "Library manager", "Library manager.csproj", "{79D44C85-DC2A-4869-8FDC-5B6A5F92991E}"
EndProject
Global
	GlobalSection(SolutionConfigurationPlatforms) = preSolution
		Debug|Any CPU = Debug|Any CPU
		Release|Any CPU = Release|Any CPU
	EndGlobalSection
	GlobalSection(ProjectConfigurationPlatforms) = postSolution
		{79D44C85-DC2A-4869-8FDC-5B6A5F92991E}.Debug|Any CPU.ActiveCfg = Debug|Any CPU
		{79D44C85-DC2A-4869-8FDC-5B6A5F92991E}.Debug|Any CPU.Build.0 = Debug|Any CPU
		{79D44C85-DC2A-4869-8FDC-5B6A5F92991E}.Release|Any CPU.ActiveCfg = Release|Any CPU
		{79D44C85-DC2A-4869-8FDC-5B6A5F92991E}.Release|Any CPU.Build.0 = Release|Any CPU
	EndGlobalSection
	GlobalSection(SolutionProperties) = preSolution
		HideSolutionNode = FALSE
	EndGlobalSection
	GlobalSection(ExtensibilityGlobals) = postSolution
		SolutionGuid = {4BAA6832-D1FD-4B9D-99C6-EB9EA467BEFD}
	EndGlobalSection
EndGlobal
